
Microsoft Visual Studio Solution File, Format Version 12.00
# Visual Studio Version 17
VisualStudioVersion = 17.11.35222.181
MinimumVisualStudioVersion = 10.0.40219.1
Project("{FAE04EC0-301F-11D3-BF4B-00C04F79EFBC}") = "REPOrium", "REPOrium.csproj", "{24FBF9A1-D629-45C9-849E-3A0C2671C0D9}"
EndProject
Global
	GlobalSection(SolutionConfigurationPlatforms) = preSolution
		Debug|Any CPU = Debug|Any CPU
		Release|Any CPU = Release|Any CPU
	EndGlobalSection
	GlobalSection(ProjectConfigurationPlatforms) = postSolution
		{24FBF9A1-D629-45C9-849E-3A0C2671C0D9}.Debug|Any CPU.ActiveCfg = Debug|Any CPU
		{24FBF9A1-D629-45C9-849E-3A0C2671C0D9}.Debug|Any CPU.Build.0 = Debug|Any CPU
		{24FBF9A1-D629-45C9-849E-3A0C2671C0D9}.Release|Any CPU.ActiveCfg = Release|Any CPU
		{24FBF9A1-D629-45C9-849E-3A0C2671C0D9}.Release|Any CPU.Build.0 = Release|Any CPU
	EndGlobalSection
	GlobalSection(SolutionProperties) = preSolution
		HideSolutionNode = FALSE
	EndGlobalSection
	GlobalSection(ExtensibilityGlobals) = postSolution
		SolutionGuid = {22BE67C0-D347-4782-BB5B-2F5B39B9A820}
	EndGlobalSection
EndGlobal
